// !$*UTF8*$!
{
	archiveVersion = 1;
	classes = {
	};
	objectVersion = 50;
	objects = {

/* Begin PBXBuildFile section */
		11870E85242FCAAE0062F509 /* AppDelegate.swift in Sources */ = {isa = PBXBuildFile; fileRef = 11870E84242FCAAE0062F509 /* AppDelegate.swift */; };
		11870E87242FCAAE0062F509 /* SceneDelegate.swift in Sources */ = {isa = PBXBuildFile; fileRef = 11870E86242FCAAE0062F509 /* SceneDelegate.swift */; };
		11870E8C242FCAAE0062F509 /* Main.storyboard in Resources */ = {isa = PBXBuildFile; fileRef = 11870E8A242FCAAE0062F509 /* Main.storyboard */; };
		11870E8E242FCAAF0062F509 /* Assets.xcassets in Resources */ = {isa = PBXBuildFile; fileRef = 11870E8D242FCAAF0062F509 /* Assets.xcassets */; };
		11870E91242FCAAF0062F509 /* LaunchScreen.storyboard in Resources */ = {isa = PBXBuildFile; fileRef = 11870E8F242FCAAF0062F509 /* LaunchScreen.storyboard */; };
		11870E9A242FCC5D0062F509 /* BlueViewController.swift in Sources */ = {isa = PBXBuildFile; fileRef = 11870E99242FCC5D0062F509 /* BlueViewController.swift */; };
		11870E9C242FCC700062F509 /* PinkViewController.swift in Sources */ = {isa = PBXBuildFile; fileRef = 11870E9B242FCC700062F509 /* PinkViewController.swift */; };
		11870E9F242FCD750062F509 /* Constants.swift in Sources */ = {isa = PBXBuildFile; fileRef = 11870E9E242FCD750062F509 /* Constants.swift */; };
/* End PBXBuildFile section */

/* Begin PBXFileReference section */
		11870E81242FCAAE0062F509 /* Custom Navigation Controller.app */ = {isa = PBXFileReference; explicitFileType = wrapper.application; includeInIndex = 0; path = "Custom Navigation Controller.app"; sourceTree = BUILT_PRODUCTS_DIR; };
		11870E84242FCAAE0062F509 /* AppDelegate.swift */ = {isa = PBXFileReference; lastKnownFileType = sourcecode.swift; path = AppDelegate.swift; sourceTree = "<group>"; };
		11870E86242FCAAE0062F509 /* SceneDelegate.swift */ = {isa = PBXFileReference; lastKnownFileType = sourcecode.swift; path = SceneDelegate.swift; sourceTree = "<group>"; };
		11870E8B242FCAAE0062F509 /* Base */ = {isa = PBXFileReference; lastKnownFileType = file.storyboard; name = Base; path = Base.lproj/Main.storyboard; sourceTree = "<group>"; };
		11870E8D242FCAAF0062F509 /* Assets.xcassets */ = {isa = PBXFileReference; lastKnownFileType = folder.assetcatalog; path = Assets.xcassets; sourceTree = "<group>"; };
		11870E90242FCAAF0062F509 /* Base */ = {isa = PBXFileReference; lastKnownFileType = file.storyboard; name = Base; path = Base.lproj/LaunchScreen.storyboard; sourceTree = "<group>"; };
		11870E92242FCAAF0062F509 /* Info.plist */ = {isa = PBXFileReference; lastKnownFileType = text.plist.xml; path = Info.plist; sourceTree = "<group>"; };
		11870E99242FCC5D0062F509 /* BlueViewController.swift */ = {isa = PBXFileReference; lastKnownFileType = sourcecode.swift; path = BlueViewController.swift; sourceTree = "<group>"; };
		11870E9B242FCC700062F509 /* PinkViewController.swift */ = {isa = PBXFileReference; lastKnownFileType = sourcecode.swift; path = PinkViewController.swift; sourceTree = "<group>"; };
		11870E9E242FCD750062F509 /* Constants.swift */ = {isa = PBXFileReference; lastKnownFileType = sourcecode.swift; path = Constants.swift; sourceTree = "<group>"; };
/* End PBXFileReference section */

/* Begin PBXFrameworksBuildPhase section */
		11870E7E242FCAAE0062F509 /* Frameworks */ = {
			isa = PBXFrameworksBuildPhase;
			buildActionMask = 2147483647;
			files = (
			);
			runOnlyForDeploymentPostprocessing = 0;
		};
/* End PBXFrameworksBuildPhase section */

/* Begin PBXGroup section */
		11870E78242FCAAE0062F509 = {
			isa = PBXGroup;
			children = (
				11870E83242FCAAE0062F509 /* Custom Navigation Controller */,
				11870E82242FCAAE0062F509 /* Products */,
			);
			sourceTree = "<group>";
		};
		11870E82242FCAAE0062F509 /* Products */ = {
			isa = PBXGroup;
			children = (
				11870E81242FCAAE0062F509 /* Custom Navigation Controller.app */,
			);
			name = Products;
			sourceTree = "<group>";
		};
		11870E83242FCAAE0062F509 /* Custom Navigation Controller */ = {
			isa = PBXGroup;
			children = (
				11870E9D242FCD5F0062F509 /* Constant */,
				11870E98242FCBF70062F509 /* Controllers */,
				11870E84242FCAAE0062F509 /* AppDelegate.swift */,
				11870E86242FCAAE0062F509 /* SceneDelegate.swift */,
				11870E8A242FCAAE0062F509 /* Main.storyboard */,
				11870E8D242FCAAF0062F509 /* Assets.xcassets */,
				11870E8F242FCAAF0062F509 /* LaunchScreen.storyboard */,
				11870E92242FCAAF0062F509 /* Info.plist */,
			);
			path = "Custom Navigation Controller";
			sourceTree = "<group>";
		};
		11870E98242FCBF70062F509 /* Controllers */ = {
			isa = PBXGroup;
			children = (
				11870E99242FCC5D0062F509 /* BlueViewController.swift */,
				11870E9B242FCC700062F509 /* PinkViewController.swift */,
			);
			path = Controllers;
			sourceTree = "<group>";
		};
		11870E9D242FCD5F0062F509 /* Constant */ = {
			isa = PBXGroup;
			children = (
				11870E9E242FCD750062F509 /* Constants.swift */,
			);
			path = Constant;
			sourceTree = "<group>";
		};
/* End PBXGroup section */

/* Begin PBXNativeTarget section */
		11870E80242FCAAE0062F509 /* Custom Navigation Controller */ = {
			isa = PBXNativeTarget;
			buildConfigurationList = 11870E95242FCAAF0062F509 /* Build configuration list for PBXNativeTarget "Custom Navigation Controller" */;
			buildPhases = (
				11870E7D242FCAAE0062F509 /* Sources */,
				11870E7E242FCAAE0062F509 /* Frameworks */,
				11870E7F242FCAAE0062F509 /* Resources */,
			);
			buildRules = (
			);
			dependencies = (
			);
			name = "Custom Navigation Controller";
			productName = "Custom Navigation Controller";
			productReference = 11870E81242FCAAE0062F509 /* Custom Navigation Controller.app */;
			productType = "com.apple.product-type.application";
		};
/* End PBXNativeTarget section */

/* Begin PBXProject section */
		11870E79242FCAAE0062F509 /* Project object */ = {
			isa = PBXProject;
			attributes = {
				LastSwiftUpdateCheck = 1130;
				LastUpgradeCheck = 1130;
				ORGANIZATIONNAME = Mobiotics;
				TargetAttributes = {
					11870E80242FCAAE0062F509 = {
						CreatedOnToolsVersion = 11.3;
					};
				};
			};
			buildConfigurationList = 11870E7C242FCAAE0062F509 /* Build configuration list for PBXProject "Custom Navigation Controller" */;
			compatibilityVersion = "Xcode 9.3";
			developmentRegion = en;
			hasScannedForEncodings = 0;
			knownRegions = (
				en,
				Base,
			);
			mainGroup = 11870E78242FCAAE0062F509;
			productRefGroup = 11870E82242FCAAE0062F509 /* Products */;
			projectDirPath = "";
			projectRoot = "";
			targets = (
				11870E80242FCAAE0062F509 /* Custom Navigation Controller */,
			);
		};
/* End PBXProject section */

/* Begin PBXResourcesBuildPhase section */
		11870E7F242FCAAE0062F509 /* Resources */ = {
			isa = PBXResourcesBuildPhase;
			buildActionMask = 2147483647;
			files = (
				11870E91242FCAAF0062F509 /* LaunchScreen.storyboard in Resources */,
				11870E8E242FCAAF0062F509 /* Assets.xcassets in Resources */,
				11870E8C242FCAAE0062F509 /* Main.storyboard in Resources */,
			);
			runOnlyForDeploymentPostprocessing = 0;
		};
/* End PBXResourcesBuildPhase section */

/* Begin PBXSourcesBuildPhase section */
		11870E7D242FCAAE0062F509 /* Sources */ = {
			isa = PBXSourcesBuildPhase;
			buildActionMask = 2147483647;
			files = (
				11870E9F242FCD750062F509 /* Constants.swift in Sources */,
				11870E9C242FCC700062F509 /* PinkViewController.swift in Sources */,
				11870E85242FCAAE0062F509 /* AppDelegate.swift in Sources */,
				11870E9A242FCC5D0062F509 /* BlueViewController.swift in Sources */,
				11870E87242FCAAE0062F509 /* SceneDelegate.swift in Sources */,
			);
			runOnlyForDeploymentPostprocessing = 0;
		};
/* End PBXSourcesBuildPhase section */

/* Begin PBXVariantGroup section */
		11870E8A242FCAAE0062F509 /* Main.storyboard */ = {
			isa = PBXVariantGroup;
			children = (
				11870E8B242FCAAE0062F509 /* Base */,
			);
			name = Main.storyboard;
			sourceTree = "<group>";
		};
		11870E8F242FCAAF0062F509 /* LaunchScreen.storyboard */ = {
			isa = PBXVariantGroup;
			children = (
				11870E90242FCAAF0062F509 /* Base */,
			);
			name = LaunchScreen.storyboard;
			sourceTree = "<group>";
		};
/* End PBXVariantGroup section */

/* Begin XCBuildConfiguration section */
		11870E93242FCAAF0062F509 /* Debug */ = {
			isa = XCBuildConfiguration;
			buildSettings = {
				ALWAYS_SEARCH_USER_PATHS = NO;
				CLANG_ANALYZER_NONNULL = YES;
				CLANG_ANALYZER_NUMBER_OBJECT_CONVERSION = YES_AGGRESSIVE;
				CLANG_CXX_LANGUAGE_STANDARD = "gnu++14";
				CLANG_CXX_LIBRARY = "libc++";
				CLANG_ENABLE_MODULES = YES;
				CLANG_ENABLE_OBJC_ARC = YES;
				CLANG_ENABLE_OBJC_WEAK = YES;
				CLANG_WARN_BLOCK_CAPTURE_AUTORELEASING = YES;
				CLANG_WARN_BOOL_CONVERSION = YES;
				CLANG_WARN_COMMA = YES;
				CLANG_WARN_CONSTANT_CONVERSION = YES;
				CLANG_WARN_DEPRECATED_OBJC_IMPLEMENTATIONS = YES;
				CLANG_WARN_DIRECT_OBJC_ISA_USAGE = YES_ERROR;
				CLANG_WARN_DOCUMENTATION_COMMENTS = YES;
				CLANG_WARN_EMPTY_BODY = YES;
				CLANG_WARN_ENUM_CONVERSION = YES;
				CLANG_WARN_INFINITE_RECURSION = YES;
				CLANG_WARN_INT_CONVERSION = YES;
				CLANG_WARN_NON_LITERAL_NULL_CONVERSION = YES;
				CLANG_WARN_OBJC_IMPLICIT_RETAIN_SELF = YES;
				CLANG_WARN_OBJC_LITERAL_CONVERSION = YES;
				CLANG_WARN_OBJC_ROOT_CLASS = YES_ERROR;
				CLANG_WARN_RANGE_LOOP_ANALYSIS = YES;
				CLANG_WARN_STRICT_PROTOTYPES = YES;
				CLANG_WARN_SUSPICIOUS_MOVE = YES;
				CLANG_WARN_UNGUARDED_AVAILABILITY = YES_AGGRESSIVE;
				CLANG_WARN_UNREACHABLE_CODE = YES;
				CLANG_WARN__DUPLICATE_METHOD_MATCH = YES;
				COPY_PHASE_STRIP = NO;
				DEBUG_INFORMATION_FORMAT = dwarf;
				ENABLE_STRICT_OBJC_MSGSEND = YES;
				ENABLE_TESTABILITY = YES;
				GCC_C_LANGUAGE_STANDARD = gnu11;
				GCC_DYNAMIC_NO_PIC = NO;
				GCC_NO_COMMON_BLOCKS = YES;
				GCC_OPTIMIZATION_LEVEL = 0;
				GCC_PREPROCESSOR_DEFINITIONS = (
					"DEBUG=1",
					"$(inherited)",
				);
				GCC_WARN_64_TO_32_BIT_CONVERSION = YES;
				GCC_WARN_ABOUT_RETURN_TYPE = YES_ERROR;
				GCC_WARN_UNDECLARED_SELECTOR = YES;
				GCC_WARN_UNINITIALIZED_AUTOS = YES_AGGRESSIVE;
				GCC_WARN_UNUSED_FUNCTION = YES;
				GCC_WARN_UNUSED_VARIABLE = YES;
				IPHONEOS_DEPLOYMENT_TARGET = 13.2;
				MTL_ENABLE_DEBUG_INFO = INCLUDE_SOURCE;
				MTL_FAST_MATH = YES;
				ONLY_ACTIVE_ARCH = YES;
				SDKROOT = iphoneos;
				SWIFT_ACTIVE_COMPILATION_CONDITIONS = DEBUG;
				SWIFT_OPTIMIZATION_LEVEL = "-Onone";
			};
			name = Debug;
		};
		11870E94242FCAAF0062F509 /* Release */ = {
			isa = XCBuildConfiguration;
			buildSettings = {
				ALWAYS_SEARCH_USER_PATHS = NO;
				CLANG_ANALYZER_NONNULL = YES;
				CLANG_ANALYZER_NUMBER_OBJECT_CONVERSION = YES_AGGRESSIVE;
				CLANG_CXX_LANGUAGE_STANDARD = "gnu++14";
				CLANG_CXX_LIBRARY = "libc++";
				CLANG_ENABLE_MODULES = YES;
				CLANG_ENABLE_OBJC_ARC = YES;
				CLANG_ENABLE_OBJC_WEAK = YES;
				CLANG_WARN_BLOCK_CAPTURE_AUTORELEASING = YES;
				CLANG_WARN_BOOL_CONVERSION = YES;
				CLANG_WARN_COMMA = YES;
				CLANG_WARN_CONSTANT_CONVERSION = YES;
				CLANG_WARN_DEPRECATED_OBJC_IMPLEMENTATIONS = YES;
				CLANG_WARN_DIRECT_OBJC_ISA_USAGE = YES_ERROR;
				CLANG_WARN_DOCUMENTATION_COMMENTS = YES;
				CLANG_WARN_EMPTY_BODY = YES;
				CLANG_WARN_ENUM_CONVERSION = YES;
				CLANG_WARN_INFINITE_RECURSION = YES;
				CLANG_WARN_INT_CONVERSION = YES;
				CLANG_WARN_NON_LITERAL_NULL_CONVERSION = YES;
				CLANG_WARN_OBJC_IMPLICIT_RETAIN_SELF = YES;
				CLANG_WARN_OBJC_LITERAL_CONVERSION = YES;
				CLANG_WARN_OBJC_ROOT_CLASS = YES_ERROR;
				CLANG_WARN_RANGE_LOOP_ANALYSIS = YES;
				CLANG_WARN_STRICT_PROTOTYPES = YES;
				CLANG_WARN_SUSPICIOUS_MOVE = YES;
				CLANG_WARN_UNGUARDED_AVAILABILITY = YES_AGGRESSIVE;
				CLANG_WARN_UNREACHABLE_CODE = YES;
				CLANG_WARN__DUPLICATE_METHOD_MATCH = YES;
				COPY_PHASE_STRIP = NO;
				DEBUG_INFORMATION_FORMAT = "dwarf-with-dsym";
				ENABLE_NS_ASSERTIONS = NO;
				ENABLE_STRICT_OBJC_MSGSEND = YES;
				GCC_C_LANGUAGE_STANDARD = gnu11;
				GCC_NO_COMMON_BLOCKS = YES;
				GCC_WARN_64_TO_32_BIT_CONVERSION = YES;
				GCC_WARN_ABOUT_RETURN_TYPE = YES_ERROR;
				GCC_WARN_UNDECLARED_SELECTOR = YES;
				GCC_WARN_UNINITIALIZED_AUTOS = YES_AGGRESSIVE;
				GCC_WARN_UNUSED_FUNCTION = YES;
				GCC_WARN_UNUSED_VARIABLE = YES;
				IPHONEOS_DEPLOYMENT_TARGET = 13.2;
				MTL_ENABLE_DEBUG_INFO = NO;
				MTL_FAST_MATH = YES;
				SDKROOT = iphoneos;
				SWIFT_COMPILATION_MODE = wholemodule;
				SWIFT_OPTIMIZATION_LEVEL = "-O";
				VALIDATE_PRODUCT = YES;
			};
			name = Release;
		};
		11870E96242FCAAF0062F509 /* Debug */ = {
			isa = XCBuildConfiguration;
			buildSettings = {
				ASSETCATALOG_COMPILER_APPICON_NAME = AppIcon;
				CODE_SIGN_STYLE = Automatic;
				DEVELOPMENT_TEAM = D5248MR3YC;
				INFOPLIST_FILE = "Custom Navigation Controller/Info.plist";
				LD_RUNPATH_SEARCH_PATHS = (
					"$(inherited)",
					"@executable_path/Frameworks",
				);
				PRODUCT_BUNDLE_IDENTIFIER = "Mobiotics.Custom-Navigation-Controller";
				PRODUCT_NAME = "$(TARGET_NAME)";
				SWIFT_VERSION = 5.0;
				TARGETED_DEVICE_FAMILY = "1,2";
			};
			name = Debug;
		};
		11870E97242FCAAF0062F509 /* Release */ = {
			isa = XCBuildConfiguration;
			buildSettings = {
				ASSETCATALOG_COMPILER_APPICON_NAME = AppIcon;
				CODE_SIGN_STYLE = Automatic;
				DEVELOPMENT_TEAM = D5248MR3YC;
				INFOPLIST_FILE = "Custom Navigation Controller/Info.plist";
				LD_RUNPATH_SEARCH_PATHS = (
					"$(inherited)",
					"@executable_path/Frameworks",
				);
				PRODUCT_BUNDLE_IDENTIFIER = "Mobiotics.Custom-Navigation-Controller";
				PRODUCT_NAME = "$(TARGET_NAME)";
				SWIFT_VERSION = 5.0;
				TARGETED_DEVICE_FAMILY = "1,2";
			};
			name = Release;
		};
/* End XCBuildConfiguration section */

/* Begin XCConfigurationList section */
		11870E7C242FCAAE0062F509 /* Build configuration list for PBXProject "Custom Navigation Controller" */ = {
			isa = XCConfigurationList;
			buildConfigurations = (
				11870E93242FCAAF0062F509 /* Debug */,
				11870E94242FCAAF0062F509 /* Release */,
			);
			defaultConfigurationIsVisible = 0;
			defaultConfigurationName = Release;
		};
		11870E95242FCAAF0062F509 /* Build configuration list for PBXNativeTarget "Custom Navigation Controller" */ = {
			isa = XCConfigurationList;
			buildConfigurations = (
				11870E96242FCAAF0062F509 /* Debug */,
				11870E97242FCAAF0062F509 /* Release */,
			);
			defaultConfigurationIsVisible = 0;
			defaultConfigurationName = Release;
		};
/* End XCConfigurationList section */
	};
	rootObject = 11870E79242FCAAE0062F509 /* Project object */;
}
